<?xml version="1.0" encoding="utf-8"?>
<Project ToolsVersion="4.0" xmlns="http://schemas.microsoft.com/developer/msbuild/2003">
  <ItemGroup>
    <Filter Include="源文件">
      <UniqueIdentifier>{4FC737F1-C7A5-4376-A066-2A32D752A2FF}</UniqueIdentifier>
      <Extensions>cpp;c;cc;cxx;c++;cppm;ixx;def;odl;idl;hpj;bat;asm;asmx</Extensions>
    </Filter>
    <Filter Include="头文件">
      <UniqueIdentifier>{93995380-89BD-4b04-88EB-625FBE52EBFB}</UniqueIdentifier>
      <Extensions>h;hh;hpp;hxx;h++;hm;inl;inc;ipp;xsd</Extensions>
    </Filter>
    <Filter Include="资源文件">
      <UniqueIdentifier>{67DA6AB6-F800-4c08-8B7A-83BB121AAD01}</UniqueIdentifier>
      <Extensions>rc;ico;cur;bmp;dlg;rc2;rct;bin;rgs;gif;jpg;jpeg;jpe;resx;tiff;tif;png;wav;mfcribbon-ms</Extensions>
    </Filter>
  </ItemGroup>
  <ItemGroup>
    <ClCompile Include="test.cpp">
      <Filter>源文件</Filter>
    </ClCompile>
    <ClCompile Include="Account.cpp">
      <Filter>源文件</Filter>
    </ClCompile>
    <ClCompile Include="UniqID.cpp">
      <Filter>源文件</Filter>
    </ClCompile>
    <ClCompile Include="AccountFactory.cpp">
      <Filter>源文件</Filter>
    </ClCompile>
    <ClCompile Include="PersonalAccount.cpp">
      <Filter>源文件</Filter>
    </ClCompile>
    <ClCompile Include="BusinessAccount.cpp">
      <Filter>源文件</Filter>
    </ClCompile>
    <ClCompile Include="ATM.cpp">
      <Filter>源文件</Filter>
    </ClCompile>
    <ClCompile Include="Customer.cpp">
      <Filter>源文件</Filter>
    </ClCompile>
    <ClCompile Include="Transaction.cpp">
      <Filter>源文件</Filter>
    </ClCompile>
    <ClCompile Include="TrafficGenerator.cpp">
      <Filter>源文件</Filter>
    </ClCompile>
    <ClCompile Include="TimingWheel.cpp">
      <Filter>源文件</Filter>
    </ClCompile>
    <ClCompile Include="Partition.cpp">
      <Filter>源文件</Filter>
    </ClCompile>
    <ClCompile Include="StatisticsKeeper.cpp">
      <Filter>源文件</Filter>
    </ClCompile>
    <ClCompile Include="SystemController.cpp">
      <Filter>源文件</Filter>
    </ClCompile>
    <ClCompile Include="Bank.cpp">
      <Filter>源文件</Filter>
    </ClCompile>
  </ItemGroup>
  <ItemGroup>
    <ClInclude Include="Account.h">
      <Filter>头文件</Filter>
    </ClInclude>
    <ClInclude Include="UniqID.h">
      <Filter>头文件</Filter>
    </ClInclude>
    <ClInclude Include="AccountFactory.h">
      <Filter>头文件</Filter>
    </ClInclude>
    <ClInclude Include="PersonalAccount.h">
      <Filter>头文件</Filter>
    </ClInclude>
    <ClInclude Include="BusinessAccount.h">
      <Filter>头文件</Filter>
    </ClInclude>
    <ClInclude Include="ATM.h">
      <Filter>头文件</Filter>
    </ClInclude>
    <ClInclude Include="Customer.h">
      <Filter>头文件</Filter>
    </ClInclude>
    <ClInclude Include="Transaction.h">
      <Filter>头文件</Filter>
    </ClInclude>
    <ClInclude Include="TrafficGenerator.h">
      <Filter>头文件</Filter>
    </ClInclude>
    <ClInclude Include="TimingWheel.h">
      <Filter>头文件</Filter>
    </ClInclude>
    <ClInclude Include="Partition.h">
      <Filter>头文件</Filter>
    </ClInclude>
    <ClInclude Include="StatisticsKeeper.h">
      <Filter>头文件</Filter>
    </ClInclude>
    <ClInclude Include="SystemController.h">
      <Filter>头文件</Filter>
    </ClInclude>
    <ClInclude Include="Bank.h">
      <Filter>头文件</Filter>
    </ClInclude>
  </ItemGroup>
</Project>